
Microsoft Visual Studio Solution File, Format Version 12.00
# Visual Studio 15
VisualStudioVersion = 15.0.25807.0
MinimumVisualStudioVersion = 10.0.40219.1
Project("{2150E333-8FDC-42A3-9474-1A3956D46DE8}") = "Engine", "Engine", "{A9CDAA2F-3DAE-40FD-B338-9E0EF398EEDB}"
EndProject
Project("{2150E333-8FDC-42A3-9474-1A3956D46DE8}") = "Games", "Games", "{73329417-6AD2-4DE4-A5C2-554AF3F77DDE}"
EndProject
Project("{8BC9CEB8-8B4A-11D0-8D11-00A0C91BC942}") = "UE4", "Intermediate\ProjectFiles\UE4.vcxproj", "{A561FF8A-444B-452D-8E16-FAD005BB5D5D}"
EndProject
Project("{8BC9CEB8-8B4A-11D0-8D11-00A0C91BC942}") = "BuildingEscape", "Intermediate\ProjectFiles\BuildingEscape.vcxproj", "{8F998C1B-F7F3-4F4A-8B73-68D297A56E3D}"
EndProject
Global
	GlobalSection(SolutionConfigurationPlatforms) = preSolution
		DebugGame Editor|HTML5 = DebugGame Editor|HTML5
		DebugGame Editor|Win32 = DebugGame Editor|Win32
		DebugGame Editor|Win64 = DebugGame Editor|Win64
		DebugGame|HTML5 = DebugGame|HTML5
		DebugGame|Win32 = DebugGame|Win32
		DebugGame|Win64 = DebugGame|Win64
		Development Editor|HTML5 = Development Editor|HTML5
		Development Editor|Win32 = Development Editor|Win32
		Development Editor|Win64 = Development Editor|Win64
		Development|HTML5 = Development|HTML5
		Development|Win32 = Development|Win32
		Development|Win64 = Development|Win64
		Shipping|HTML5 = Shipping|HTML5
		Shipping|Win32 = Shipping|Win32
		Shipping|Win64 = Shipping|Win64
	EndGlobalSection
	GlobalSection(ProjectConfigurationPlatforms) = postSolution
		{A561FF8A-444B-452D-8E16-FAD005BB5D5D}.DebugGame Editor|HTML5.ActiveCfg = BuiltWithUnrealBuildTool|Win32
		{A561FF8A-444B-452D-8E16-FAD005BB5D5D}.DebugGame Editor|HTML5.Build.0 = BuiltWithUnrealBuildTool|Win32
		{A561FF8A-444B-452D-8E16-FAD005BB5D5D}.DebugGame Editor|Win32.ActiveCfg = BuiltWithUnrealBuildTool|Win32
		{A561FF8A-444B-452D-8E16-FAD005BB5D5D}.DebugGame Editor|Win32.Build.0 = BuiltWithUnrealBuildTool|Win32
		{A561FF8A-444B-452D-8E16-FAD005BB5D5D}.DebugGame Editor|Win64.ActiveCfg = BuiltWithUnrealBuildTool|Win32
		{A561FF8A-444B-452D-8E16-FAD005BB5D5D}.DebugGame Editor|Win64.Build.0 = BuiltWithUnrealBuildTool|Win32
		{A561FF8A-444B-452D-8E16-FAD005BB5D5D}.DebugGame|HTML5.ActiveCfg = BuiltWithUnrealBuildTool|Win32
		{A561FF8A-444B-452D-8E16-FAD005BB5D5D}.DebugGame|HTML5.Build.0 = BuiltWithUnrealBuildTool|Win32
		{A561FF8A-444B-452D-8E16-FAD005BB5D5D}.DebugGame|Win32.ActiveCfg = BuiltWithUnrealBuildTool|Win32
		{A561FF8A-444B-452D-8E16-FAD005BB5D5D}.DebugGame|Win32.Build.0 = BuiltWithUnrealBuildTool|Win32
		{A561FF8A-444B-452D-8E16-FAD005BB5D5D}.DebugGame|Win64.ActiveCfg = BuiltWithUnrealBuildTool|Win32
		{A561FF8A-444B-452D-8E16-FAD005BB5D5D}.DebugGame|Win64.Build.0 = BuiltWithUnrealBuildTool|Win32
		{A561FF8A-444B-452D-8E16-FAD005BB5D5D}.Development Editor|HTML5.ActiveCfg = BuiltWithUnrealBuildTool|Win32
		{A561FF8A-444B-452D-8E16-FAD005BB5D5D}.Development Editor|HTML5.Build.0 = BuiltWithUnrealBuildTool|Win32
		{A561FF8A-444B-452D-8E16-FAD005BB5D5D}.Development Editor|Win32.ActiveCfg = BuiltWithUnrealBuildTool|Win32
		{A561FF8A-444B-452D-8E16-FAD005BB5D5D}.Development Editor|Win32.Build.0 = BuiltWithUnrealBuildTool|Win32
		{A561FF8A-444B-452D-8E16-FAD005BB5D5D}.Development Editor|Win64.ActiveCfg = BuiltWithUnrealBuildTool|Win32
		{A561FF8A-444B-452D-8E16-FAD005BB5D5D}.Development Editor|Win64.Build.0 = BuiltWithUnrealBuildTool|Win32
		{A561FF8A-444B-452D-8E16-FAD005BB5D5D}.Development|HTML5.ActiveCfg = BuiltWithUnrealBuildTool|Win32
		{A561FF8A-444B-452D-8E16-FAD005BB5D5D}.Development|HTML5.Build.0 = BuiltWithUnrealBuildTool|Win32
		{A561FF8A-444B-452D-8E16-FAD005BB5D5D}.Development|Win32.ActiveCfg = BuiltWithUnrealBuildTool|Win32
		{A561FF8A-444B-452D-8E16-FAD005BB5D5D}.Development|Win32.Build.0 = BuiltWithUnrealBuildTool|Win32
		{A561FF8A-444B-452D-8E16-FAD005BB5D5D}.Development|Win64.ActiveCfg = BuiltWithUnrealBuildTool|Win32
		{A561FF8A-444B-452D-8E16-FAD005BB5D5D}.Development|Win64.Build.0 = BuiltWithUnrealBuildTool|Win32
		{A561FF8A-444B-452D-8E16-FAD005BB5D5D}.Shipping|HTML5.ActiveCfg = BuiltWithUnrealBuildTool|Win32
		{A561FF8A-444B-452D-8E16-FAD005BB5D5D}.Shipping|HTML5.Build.0 = BuiltWithUnrealBuildTool|Win32
		{A561FF8A-444B-452D-8E16-FAD005BB5D5D}.Shipping|Win32.ActiveCfg = BuiltWithUnrealBuildTool|Win32
		{A561FF8A-444B-452D-8E16-FAD005BB5D5D}.Shipping|Win32.Build.0 = BuiltWithUnrealBuildTool|Win32
		{A561FF8A-444B-452D-8E16-FAD005BB5D5D}.Shipping|Win64.ActiveCfg = BuiltWithUnrealBuildTool|Win32
		{A561FF8A-444B-452D-8E16-FAD005BB5D5D}.Shipping|Win64.Build.0 = BuiltWithUnrealBuildTool|Win32
		{8F998C1B-F7F3-4F4A-8B73-68D297A56E3D}.DebugGame Editor|HTML5.ActiveCfg = HTML5_DebugGame_Editor|Win32
		{8F998C1B-F7F3-4F4A-8B73-68D297A56E3D}.DebugGame Editor|Win32.ActiveCfg = DebugGame_Editor|Win32
		{8F998C1B-F7F3-4F4A-8B73-68D297A56E3D}.DebugGame Editor|Win64.ActiveCfg = DebugGame_Editor|x64
		{8F998C1B-F7F3-4F4A-8B73-68D297A56E3D}.DebugGame Editor|Win64.Build.0 = DebugGame_Editor|x64
		{8F998C1B-F7F3-4F4A-8B73-68D297A56E3D}.DebugGame|HTML5.ActiveCfg = HTML5_DebugGame_Game|Win32
		{8F998C1B-F7F3-4F4A-8B73-68D297A56E3D}.DebugGame|HTML5.Build.0 = HTML5_DebugGame_Game|Win32
		{8F998C1B-F7F3-4F4A-8B73-68D297A56E3D}.DebugGame|Win32.ActiveCfg = DebugGame_Game|Win32
		{8F998C1B-F7F3-4F4A-8B73-68D297A56E3D}.DebugGame|Win32.Build.0 = DebugGame_Game|Win32
		{8F998C1B-F7F3-4F4A-8B73-68D297A56E3D}.DebugGame|Win64.ActiveCfg = DebugGame_Game|x64
		{8F998C1B-F7F3-4F4A-8B73-68D297A56E3D}.DebugGame|Win64.Build.0 = DebugGame_Game|x64
		{8F998C1B-F7F3-4F4A-8B73-68D297A56E3D}.Development Editor|HTML5.ActiveCfg = HTML5_Development_Editor|Win32
		{8F998C1B-F7F3-4F4A-8B73-68D297A56E3D}.Development Editor|Win32.ActiveCfg = Development_Editor|Win32
		{8F998C1B-F7F3-4F4A-8B73-68D297A56E3D}.Development Editor|Win64.ActiveCfg = Development_Editor|x64
		{8F998C1B-F7F3-4F4A-8B73-68D297A56E3D}.Development Editor|Win64.Build.0 = Development_Editor|x64
		{8F998C1B-F7F3-4F4A-8B73-68D297A56E3D}.Development|HTML5.ActiveCfg = HTML5_Development_Game|Win32
		{8F998C1B-F7F3-4F4A-8B73-68D297A56E3D}.Development|HTML5.Build.0 = HTML5_Development_Game|Win32
		{8F998C1B-F7F3-4F4A-8B73-68D297A56E3D}.Development|Win32.ActiveCfg = Development_Game|Win32
		{8F998C1B-F7F3-4F4A-8B73-68D297A56E3D}.Development|Win32.Build.0 = Development_Game|Win32
		{8F998C1B-F7F3-4F4A-8B73-68D297A56E3D}.Development|Win64.ActiveCfg = Development_Game|x64
		{8F998C1B-F7F3-4F4A-8B73-68D297A56E3D}.Development|Win64.Build.0 = Development_Game|x64
		{8F998C1B-F7F3-4F4A-8B73-68D297A56E3D}.Shipping|HTML5.ActiveCfg = HTML5_Shipping_Game|Win32
		{8F998C1B-F7F3-4F4A-8B73-68D297A56E3D}.Shipping|HTML5.Build.0 = HTML5_Shipping_Game|Win32
		{8F998C1B-F7F3-4F4A-8B73-68D297A56E3D}.Shipping|Win32.ActiveCfg = Shipping_Game|Win32
		{8F998C1B-F7F3-4F4A-8B73-68D297A56E3D}.Shipping|Win32.Build.0 = Shipping_Game|Win32
		{8F998C1B-F7F3-4F4A-8B73-68D297A56E3D}.Shipping|Win64.ActiveCfg = Shipping_Game|x64
		{8F998C1B-F7F3-4F4A-8B73-68D297A56E3D}.Shipping|Win64.Build.0 = Shipping_Game|x64
	EndGlobalSection
	GlobalSection(SolutionProperties) = preSolution
		HideSolutionNode = FALSE
	EndGlobalSection
	GlobalSection(NestedProjects) = preSolution
		{A561FF8A-444B-452D-8E16-FAD005BB5D5D} = {A9CDAA2F-3DAE-40FD-B338-9E0EF398EEDB}
		{8F998C1B-F7F3-4F4A-8B73-68D297A56E3D} = {73329417-6AD2-4DE4-A5C2-554AF3F77DDE}
	EndGlobalSection
	GlobalSection(ExtensibilityGlobals) = postSolution
		SolutionGuid = {853F4AF2-B3B5-410C-A38A-AF7D01D59CC0}
	EndGlobalSection
EndGlobal
